// !$*UTF8*$!
{
	archiveVersion = 1;
	classes = {
	};
	objectVersion = 50;
	objects = {

/* Begin PBXBuildFile section */
		0941BBDC22284E0C00603286 /* AppDelegate.swift in Sources */ = {isa = PBXBuildFile; fileRef = 0941BBDB22284E0C00603286 /* AppDelegate.swift */; };
		0941BBE422284E0C00603286 /* DesignLenses.xcdatamodeld in Sources */ = {isa = PBXBuildFile; fileRef = 0941BBE222284E0C00603286 /* DesignLenses.xcdatamodeld */; };
		0941BBE622284E0D00603286 /* Assets.xcassets in Resources */ = {isa = PBXBuildFile; fileRef = 0941BBE522284E0D00603286 /* Assets.xcassets */; };
		0941BBE922284E0D00603286 /* LaunchScreen.storyboard in Resources */ = {isa = PBXBuildFile; fileRef = 0941BBE722284E0D00603286 /* LaunchScreen.storyboard */; };
		0941BBF522284E8D00603286 /* Lense.swift in Sources */ = {isa = PBXBuildFile; fileRef = 0941BBF422284E8D00603286 /* Lense.swift */; };
		0941BBF922284EB900603286 /* LensesListViewController.swift in Sources */ = {isa = PBXBuildFile; fileRef = 0941BBF822284EB900603286 /* LensesListViewController.swift */; };
		0941BBFC22284EDE00603286 /* StoryboardInstantiatable.swift in Sources */ = {isa = PBXBuildFile; fileRef = 0941BBFB22284EDE00603286 /* StoryboardInstantiatable.swift */; };
		0941BBFE22284F0000603286 /* NibInitializable.swift in Sources */ = {isa = PBXBuildFile; fileRef = 0941BBFD22284F0000603286 /* NibInitializable.swift */; };
		0941BC0022284F2200603286 /* ReusableCell.swift in Sources */ = {isa = PBXBuildFile; fileRef = 0941BBFF22284F2200603286 /* ReusableCell.swift */; };
		0941BC0222284F8600603286 /* AppCoordinator.swift in Sources */ = {isa = PBXBuildFile; fileRef = 0941BC0122284F8600603286 /* AppCoordinator.swift */; };
		0941BC052228500300603286 /* PersistenceService.swift in Sources */ = {isa = PBXBuildFile; fileRef = 0941BC042228500300603286 /* PersistenceService.swift */; };
		0941BC082228509800603286 /* UIWindow+Extension.swift in Sources */ = {isa = PBXBuildFile; fileRef = 0941BC072228509800603286 /* UIWindow+Extension.swift */; };
		0941BC0A222850E100603286 /* Dependencies.swift in Sources */ = {isa = PBXBuildFile; fileRef = 0941BC09222850E100603286 /* Dependencies.swift */; };
		0941BC0C2228578C00603286 /* LensesListViewController.storyboard in Resources */ = {isa = PBXBuildFile; fileRef = 0941BC0B2228578C00603286 /* LensesListViewController.storyboard */; };
		0941BC10222858E700603286 /* LenseCell.swift in Sources */ = {isa = PBXBuildFile; fileRef = 0941BC0E222858E700603286 /* LenseCell.swift */; };
		0941BC11222858E700603286 /* LenseCell.xib in Resources */ = {isa = PBXBuildFile; fileRef = 0941BC0F222858E700603286 /* LenseCell.xib */; };
		0941BC1522285C8200603286 /* UIView+Extension.swift in Sources */ = {isa = PBXBuildFile; fileRef = 0941BC1422285C8200603286 /* UIView+Extension.swift */; };
		0941BC192228671900603286 /* LenseService.swift in Sources */ = {isa = PBXBuildFile; fileRef = 0941BC182228671900603286 /* LenseService.swift */; };
		0941BC2122288A6F00603286 /* CDLens+CoreDataClass.swift in Sources */ = {isa = PBXBuildFile; fileRef = 0941BC1F22288A6F00603286 /* CDLens+CoreDataClass.swift */; };
		0941BC2222288A6F00603286 /* CDLens+CoreDataProperties.swift in Sources */ = {isa = PBXBuildFile; fileRef = 0941BC2022288A6F00603286 /* CDLens+CoreDataProperties.swift */; };
		0941BC2422288B1F00603286 /* Lens.json in Resources */ = {isa = PBXBuildFile; fileRef = 0941BC2322288B1F00603286 /* Lens.json */; };
		09A7B66F2229BFA4001CF2E5 /* ImageDetailCell.swift in Sources */ = {isa = PBXBuildFile; fileRef = 09A7B66D2229BFA4001CF2E5 /* ImageDetailCell.swift */; };
		09A7B6702229BFA4001CF2E5 /* ImageDetailCell.xib in Resources */ = {isa = PBXBuildFile; fileRef = 09A7B66E2229BFA4001CF2E5 /* ImageDetailCell.xib */; };
		09C5B6532228DEC10058C776 /* LensDetailViewController.swift in Sources */ = {isa = PBXBuildFile; fileRef = 09C5B6522228DEC10058C776 /* LensDetailViewController.swift */; };
		09C5B6552228DEE60058C776 /* LensDetailViewController.storyboard in Resources */ = {isa = PBXBuildFile; fileRef = 09C5B6542228DEE60058C776 /* LensDetailViewController.storyboard */; };
		09C5B6592228E2310058C776 /* LensDetailCell.swift in Sources */ = {isa = PBXBuildFile; fileRef = 09C5B6572228E2310058C776 /* LensDetailCell.swift */; };
		09C5B65A2228E2310058C776 /* LensDetailCell.xib in Resources */ = {isa = PBXBuildFile; fileRef = 09C5B6582228E2310058C776 /* LensDetailCell.xib */; };
/* End PBXBuildFile section */

/* Begin PBXFileReference section */
		0941BBD822284E0C00603286 /* DesignLenses.app */ = {isa = PBXFileReference; explicitFileType = wrapper.application; includeInIndex = 0; path = DesignLenses.app; sourceTree = BUILT_PRODUCTS_DIR; };
		0941BBDB22284E0C00603286 /* AppDelegate.swift */ = {isa = PBXFileReference; lastKnownFileType = sourcecode.swift; path = AppDelegate.swift; sourceTree = "<group>"; };
		0941BBE322284E0C00603286 /* DesignLenses.xcdatamodel */ = {isa = PBXFileReference; lastKnownFileType = wrapper.xcdatamodel; path = DesignLenses.xcdatamodel; sourceTree = "<group>"; };
		0941BBE522284E0D00603286 /* Assets.xcassets */ = {isa = PBXFileReference; lastKnownFileType = folder.assetcatalog; path = Assets.xcassets; sourceTree = "<group>"; };
		0941BBE822284E0D00603286 /* Base */ = {isa = PBXFileReference; lastKnownFileType = file.storyboard; name = Base; path = Base.lproj/LaunchScreen.storyboard; sourceTree = "<group>"; };
		0941BBEA22284E0D00603286 /* Info.plist */ = {isa = PBXFileReference; lastKnownFileType = text.plist.xml; path = Info.plist; sourceTree = "<group>"; };
		0941BBF422284E8D00603286 /* Lense.swift */ = {isa = PBXFileReference; lastKnownFileType = sourcecode.swift; path = Lense.swift; sourceTree = "<group>"; };
		0941BBF822284EB900603286 /* LensesListViewController.swift */ = {isa = PBXFileReference; lastKnownFileType = sourcecode.swift; path = LensesListViewController.swift; sourceTree = "<group>"; };
		0941BBFB22284EDE00603286 /* StoryboardInstantiatable.swift */ = {isa = PBXFileReference; lastKnownFileType = sourcecode.swift; path = StoryboardInstantiatable.swift; sourceTree = "<group>"; };
		0941BBFD22284F0000603286 /* NibInitializable.swift */ = {isa = PBXFileReference; lastKnownFileType = sourcecode.swift; path = NibInitializable.swift; sourceTree = "<group>"; };
		0941BBFF22284F2200603286 /* ReusableCell.swift */ = {isa = PBXFileReference; lastKnownFileType = sourcecode.swift; path = ReusableCell.swift; sourceTree = "<group>"; };
		0941BC0122284F8600603286 /* AppCoordinator.swift */ = {isa = PBXFileReference; lastKnownFileType = sourcecode.swift; path = AppCoordinator.swift; sourceTree = "<group>"; };
		0941BC042228500300603286 /* PersistenceService.swift */ = {isa = PBXFileReference; lastKnownFileType = sourcecode.swift; path = PersistenceService.swift; sourceTree = "<group>"; };
		0941BC072228509800603286 /* UIWindow+Extension.swift */ = {isa = PBXFileReference; lastKnownFileType = sourcecode.swift; path = "UIWindow+Extension.swift"; sourceTree = "<group>"; };
		0941BC09222850E100603286 /* Dependencies.swift */ = {isa = PBXFileReference; lastKnownFileType = sourcecode.swift; path = Dependencies.swift; sourceTree = "<group>"; };
		0941BC0B2228578C00603286 /* LensesListViewController.storyboard */ = {isa = PBXFileReference; lastKnownFileType = file.storyboard; path = LensesListViewController.storyboard; sourceTree = "<group>"; };
		0941BC0E222858E700603286 /* LenseCell.swift */ = {isa = PBXFileReference; lastKnownFileType = sourcecode.swift; path = LenseCell.swift; sourceTree = "<group>"; };
		0941BC0F222858E700603286 /* LenseCell.xib */ = {isa = PBXFileReference; lastKnownFileType = file.xib; path = LenseCell.xib; sourceTree = "<group>"; };
		0941BC1422285C8200603286 /* UIView+Extension.swift */ = {isa = PBXFileReference; lastKnownFileType = sourcecode.swift; path = "UIView+Extension.swift"; sourceTree = "<group>"; };
		0941BC182228671900603286 /* LenseService.swift */ = {isa = PBXFileReference; lastKnownFileType = sourcecode.swift; path = LenseService.swift; sourceTree = "<group>"; };
		0941BC1F22288A6F00603286 /* CDLens+CoreDataClass.swift */ = {isa = PBXFileReference; lastKnownFileType = sourcecode.swift; path = "CDLens+CoreDataClass.swift"; sourceTree = "<group>"; };
		0941BC2022288A6F00603286 /* CDLens+CoreDataProperties.swift */ = {isa = PBXFileReference; lastKnownFileType = sourcecode.swift; path = "CDLens+CoreDataProperties.swift"; sourceTree = "<group>"; };
		0941BC2322288B1F00603286 /* Lens.json */ = {isa = PBXFileReference; fileEncoding = 4; lastKnownFileType = text.json; path = Lens.json; sourceTree = "<group>"; };
		09A7B66D2229BFA4001CF2E5 /* ImageDetailCell.swift */ = {isa = PBXFileReference; lastKnownFileType = sourcecode.swift; path = ImageDetailCell.swift; sourceTree = "<group>"; };
		09A7B66E2229BFA4001CF2E5 /* ImageDetailCell.xib */ = {isa = PBXFileReference; lastKnownFileType = file.xib; path = ImageDetailCell.xib; sourceTree = "<group>"; };
		09C5B6522228DEC10058C776 /* LensDetailViewController.swift */ = {isa = PBXFileReference; lastKnownFileType = sourcecode.swift; path = LensDetailViewController.swift; sourceTree = "<group>"; };
		09C5B6542228DEE60058C776 /* LensDetailViewController.storyboard */ = {isa = PBXFileReference; lastKnownFileType = file.storyboard; path = LensDetailViewController.storyboard; sourceTree = "<group>"; };
		09C5B6572228E2310058C776 /* LensDetailCell.swift */ = {isa = PBXFileReference; lastKnownFileType = sourcecode.swift; path = LensDetailCell.swift; sourceTree = "<group>"; };
		09C5B6582228E2310058C776 /* LensDetailCell.xib */ = {isa = PBXFileReference; lastKnownFileType = file.xib; path = LensDetailCell.xib; sourceTree = "<group>"; };
/* End PBXFileReference section */

/* Begin PBXFrameworksBuildPhase section */
		0941BBD522284E0C00603286 /* Frameworks */ = {
			isa = PBXFrameworksBuildPhase;
			buildActionMask = 2147483647;
			files = (
			);
			runOnlyForDeploymentPostprocessing = 0;
		};
/* End PBXFrameworksBuildPhase section */

/* Begin PBXGroup section */
		0941BBCF22284E0C00603286 = {
			isa = PBXGroup;
			children = (
				0941BBDA22284E0C00603286 /* DesignLenses */,
				0941BBD922284E0C00603286 /* Products */,
			);
			sourceTree = "<group>";
		};
		0941BBD922284E0C00603286 /* Products */ = {
			isa = PBXGroup;
			children = (
				0941BBD822284E0C00603286 /* DesignLenses.app */,
			);
			name = Products;
			sourceTree = "<group>";
		};
		0941BBDA22284E0C00603286 /* DesignLenses */ = {
			isa = PBXGroup;
			children = (
				0941BBF122284E2200603286 /* App */,
				0941BBF222284E3100603286 /* Library */,
				0941BBF022284E1300603286 /* Resources */,
				0941BBE722284E0D00603286 /* LaunchScreen.storyboard */,
				0941BBEA22284E0D00603286 /* Info.plist */,
			);
			path = DesignLenses;
			sourceTree = "<group>";
		};
		0941BBF022284E1300603286 /* Resources */ = {
			isa = PBXGroup;
			children = (
				0941BC2322288B1F00603286 /* Lens.json */,
				0941BBE522284E0D00603286 /* Assets.xcassets */,
				0941BBE222284E0C00603286 /* DesignLenses.xcdatamodeld */,
			);
			path = Resources;
			sourceTree = "<group>";
		};
		0941BBF122284E2200603286 /* App */ = {
			isa = PBXGroup;
			children = (
				0941BBDB22284E0C00603286 /* AppDelegate.swift */,
				0941BC0122284F8600603286 /* AppCoordinator.swift */,
			);
			path = App;
			sourceTree = "<group>";
		};
		0941BBF222284E3100603286 /* Library */ = {
			isa = PBXGroup;
			children = (
				0941BC062228509000603286 /* Extensions */,
				0941BBFA22284ED600603286 /* Protocols */,
				0941BC0322284FFD00603286 /* Services */,
				0941BBF622284EA000603286 /* Screens */,
				0941BBF322284E3900603286 /* Models */,
			);
			path = Library;
			sourceTree = "<group>";
		};
		0941BBF322284E3900603286 /* Models */ = {
			isa = PBXGroup;
			children = (
				0941BC1E222889D500603286 /* CoreData */,
				0941BBF422284E8D00603286 /* Lense.swift */,
			);
			path = Models;
			sourceTree = "<group>";
		};
		0941BBF622284EA000603286 /* Screens */ = {
			isa = PBXGroup;
			children = (
				09C5B6512228DEA70058C776 /* LensDetail */,
				0941BBF722284EA700603286 /* LensList */,
			);
			path = Screens;
			sourceTree = "<group>";
		};
		0941BBF722284EA700603286 /* LensList */ = {
			isa = PBXGroup;
			children = (
				0941BC0D222858D100603286 /* LenseCell */,
				0941BBF822284EB900603286 /* LensesListViewController.swift */,
				0941BC0B2228578C00603286 /* LensesListViewController.storyboard */,
			);
			path = LensList;
			sourceTree = "<group>";
		};
		0941BBFA22284ED600603286 /* Protocols */ = {
			isa = PBXGroup;
			children = (
				0941BBFF22284F2200603286 /* ReusableCell.swift */,
				0941BBFD22284F0000603286 /* NibInitializable.swift */,
				0941BBFB22284EDE00603286 /* StoryboardInstantiatable.swift */,
			);
			path = Protocols;
			sourceTree = "<group>";
		};
		0941BC0322284FFD00603286 /* Services */ = {
			isa = PBXGroup;
			children = (
				0941BC042228500300603286 /* PersistenceService.swift */,
				0941BC09222850E100603286 /* Dependencies.swift */,
				0941BC182228671900603286 /* LenseService.swift */,
			);
			path = Services;
			sourceTree = "<group>";
		};
		0941BC062228509000603286 /* Extensions */ = {
			isa = PBXGroup;
			children = (
				0941BC072228509800603286 /* UIWindow+Extension.swift */,
				0941BC1422285C8200603286 /* UIView+Extension.swift */,
			);
			path = Extensions;
			sourceTree = "<group>";
		};
		0941BC0D222858D100603286 /* LenseCell */ = {
			isa = PBXGroup;
			children = (
				0941BC0E222858E700603286 /* LenseCell.swift */,
				0941BC0F222858E700603286 /* LenseCell.xib */,
			);
			path = LenseCell;
			sourceTree = "<group>";
		};
		0941BC1E222889D500603286 /* CoreData */ = {
			isa = PBXGroup;
			children = (
				0941BC1F22288A6F00603286 /* CDLens+CoreDataClass.swift */,
				0941BC2022288A6F00603286 /* CDLens+CoreDataProperties.swift */,
			);
			path = CoreData;
			sourceTree = "<group>";
		};
		09A7B66A2229BF75001CF2E5 /* Cells */ = {
			isa = PBXGroup;
			children = (
				09A7B66B2229BF83001CF2E5 /* DetailCells */,
				09C5B6562228E2210058C776 /* LensDetailCell */,
			);
			path = Cells;
			sourceTree = "<group>";
		};
		09A7B66B2229BF83001CF2E5 /* DetailCells */ = {
			isa = PBXGroup;
			children = (
				09A7B66C2229BF8C001CF2E5 /* ImageDetailCell */,
			);
			path = DetailCells;
			sourceTree = "<group>";
		};
		09A7B66C2229BF8C001CF2E5 /* ImageDetailCell */ = {
			isa = PBXGroup;
			children = (
				09A7B66D2229BFA4001CF2E5 /* ImageDetailCell.swift */,
				09A7B66E2229BFA4001CF2E5 /* ImageDetailCell.xib */,
			);
			path = ImageDetailCell;
			sourceTree = "<group>";
		};
		09C5B6512228DEA70058C776 /* LensDetail */ = {
			isa = PBXGroup;
			children = (
				09A7B66A2229BF75001CF2E5 /* Cells */,
				09C5B6522228DEC10058C776 /* LensDetailViewController.swift */,
				09C5B6542228DEE60058C776 /* LensDetailViewController.storyboard */,
			);
			path = LensDetail;
			sourceTree = "<group>";
		};
		09C5B6562228E2210058C776 /* LensDetailCell */ = {
			isa = PBXGroup;
			children = (
				09C5B6572228E2310058C776 /* LensDetailCell.swift */,
				09C5B6582228E2310058C776 /* LensDetailCell.xib */,
			);
			path = LensDetailCell;
			sourceTree = "<group>";
		};
/* End PBXGroup section */

/* Begin PBXNativeTarget section */
		0941BBD722284E0C00603286 /* DesignLenses */ = {
			isa = PBXNativeTarget;
			buildConfigurationList = 0941BBED22284E0D00603286 /* Build configuration list for PBXNativeTarget "DesignLenses" */;
			buildPhases = (
				0941BBD422284E0C00603286 /* Sources */,
				0941BBD522284E0C00603286 /* Frameworks */,
				0941BBD622284E0C00603286 /* Resources */,
			);
			buildRules = (
			);
			dependencies = (
			);
			name = DesignLenses;
			productName = DesignLenses;
			productReference = 0941BBD822284E0C00603286 /* DesignLenses.app */;
			productType = "com.apple.product-type.application";
		};
/* End PBXNativeTarget section */

/* Begin PBXProject section */
		0941BBD022284E0C00603286 /* Project object */ = {
			isa = PBXProject;
			attributes = {
				LastSwiftUpdateCheck = 1010;
				LastUpgradeCheck = 1010;
				ORGANIZATIONNAME = baby;
				TargetAttributes = {
					0941BBD722284E0C00603286 = {
						CreatedOnToolsVersion = 10.1;
					};
				};
			};
			buildConfigurationList = 0941BBD322284E0C00603286 /* Build configuration list for PBXProject "DesignLenses" */;
			compatibilityVersion = "Xcode 9.3";
			developmentRegion = en;
			hasScannedForEncodings = 0;
			knownRegions = (
				en,
				Base,
			);
			mainGroup = 0941BBCF22284E0C00603286;
			productRefGroup = 0941BBD922284E0C00603286 /* Products */;
			projectDirPath = "";
			projectRoot = "";
			targets = (
				0941BBD722284E0C00603286 /* DesignLenses */,
			);
		};
/* End PBXProject section */

/* Begin PBXResourcesBuildPhase section */
		0941BBD622284E0C00603286 /* Resources */ = {
			isa = PBXResourcesBuildPhase;
			buildActionMask = 2147483647;
			files = (
				0941BC2422288B1F00603286 /* Lens.json in Resources */,
				0941BC0C2228578C00603286 /* LensesListViewController.storyboard in Resources */,
				09A7B6702229BFA4001CF2E5 /* ImageDetailCell.xib in Resources */,
				0941BC11222858E700603286 /* LenseCell.xib in Resources */,
				0941BBE922284E0D00603286 /* LaunchScreen.storyboard in Resources */,
				09C5B65A2228E2310058C776 /* LensDetailCell.xib in Resources */,
				09C5B6552228DEE60058C776 /* LensDetailViewController.storyboard in Resources */,
				0941BBE622284E0D00603286 /* Assets.xcassets in Resources */,
			);
			runOnlyForDeploymentPostprocessing = 0;
		};
/* End PBXResourcesBuildPhase section */

/* Begin PBXSourcesBuildPhase section */
		0941BBD422284E0C00603286 /* Sources */ = {
			isa = PBXSourcesBuildPhase;
			buildActionMask = 2147483647;
			files = (
				0941BC0022284F2200603286 /* ReusableCell.swift in Sources */,
				0941BC1522285C8200603286 /* UIView+Extension.swift in Sources */,
				0941BC082228509800603286 /* UIWindow+Extension.swift in Sources */,
				0941BBFE22284F0000603286 /* NibInitializable.swift in Sources */,
				09A7B66F2229BFA4001CF2E5 /* ImageDetailCell.swift in Sources */,
				0941BBF522284E8D00603286 /* Lense.swift in Sources */,
				0941BBDC22284E0C00603286 /* AppDelegate.swift in Sources */,
				0941BC2122288A6F00603286 /* CDLens+CoreDataClass.swift in Sources */,
				0941BC10222858E700603286 /* LenseCell.swift in Sources */,
				0941BC0222284F8600603286 /* AppCoordinator.swift in Sources */,
				0941BC0A222850E100603286 /* Dependencies.swift in Sources */,
				0941BC192228671900603286 /* LenseService.swift in Sources */,
				09C5B6532228DEC10058C776 /* LensDetailViewController.swift in Sources */,
				0941BBFC22284EDE00603286 /* StoryboardInstantiatable.swift in Sources */,
				0941BBF922284EB900603286 /* LensesListViewController.swift in Sources */,
				09C5B6592228E2310058C776 /* LensDetailCell.swift in Sources */,
				0941BC052228500300603286 /* PersistenceService.swift in Sources */,
				0941BC2222288A6F00603286 /* CDLens+CoreDataProperties.swift in Sources */,
				0941BBE422284E0C00603286 /* DesignLenses.xcdatamodeld in Sources */,
			);
			runOnlyForDeploymentPostprocessing = 0;
		};
/* End PBXSourcesBuildPhase section */

/* Begin PBXVariantGroup section */
		0941BBE722284E0D00603286 /* LaunchScreen.storyboard */ = {
			isa = PBXVariantGroup;
			children = (
				0941BBE822284E0D00603286 /* Base */,
			);
			name = LaunchScreen.storyboard;
			sourceTree = "<group>";
		};
/* End PBXVariantGroup section */

/* Begin XCBuildConfiguration section */
		0941BBEB22284E0D00603286 /* Debug */ = {
			isa = XCBuildConfiguration;
			buildSettings = {
				ALWAYS_SEARCH_USER_PATHS = NO;
				CLANG_ANALYZER_NONNULL = YES;
				CLANG_ANALYZER_NUMBER_OBJECT_CONVERSION = YES_AGGRESSIVE;
				CLANG_CXX_LANGUAGE_STANDARD = "gnu++14";
				CLANG_CXX_LIBRARY = "libc++";
				CLANG_ENABLE_MODULES = YES;
				CLANG_ENABLE_OBJC_ARC = YES;
				CLANG_ENABLE_OBJC_WEAK = YES;
				CLANG_WARN_BLOCK_CAPTURE_AUTORELEASING = YES;
				CLANG_WARN_BOOL_CONVERSION = YES;
				CLANG_WARN_COMMA = YES;
				CLANG_WARN_CONSTANT_CONVERSION = YES;
				CLANG_WARN_DEPRECATED_OBJC_IMPLEMENTATIONS = YES;
				CLANG_WARN_DIRECT_OBJC_ISA_USAGE = YES_ERROR;
				CLANG_WARN_DOCUMENTATION_COMMENTS = YES;
				CLANG_WARN_EMPTY_BODY = YES;
				CLANG_WARN_ENUM_CONVERSION = YES;
				CLANG_WARN_INFINITE_RECURSION = YES;
				CLANG_WARN_INT_CONVERSION = YES;
				CLANG_WARN_NON_LITERAL_NULL_CONVERSION = YES;
				CLANG_WARN_OBJC_IMPLICIT_RETAIN_SELF = YES;
				CLANG_WARN_OBJC_LITERAL_CONVERSION = YES;
				CLANG_WARN_OBJC_ROOT_CLASS = YES_ERROR;
				CLANG_WARN_RANGE_LOOP_ANALYSIS = YES;
				CLANG_WARN_STRICT_PROTOTYPES = YES;
				CLANG_WARN_SUSPICIOUS_MOVE = YES;
				CLANG_WARN_UNGUARDED_AVAILABILITY = YES_AGGRESSIVE;
				CLANG_WARN_UNREACHABLE_CODE = YES;
				CLANG_WARN__DUPLICATE_METHOD_MATCH = YES;
				CODE_SIGN_IDENTITY = "iPhone Developer";
				COPY_PHASE_STRIP = NO;
				DEBUG_INFORMATION_FORMAT = dwarf;
				ENABLE_STRICT_OBJC_MSGSEND = YES;
				ENABLE_TESTABILITY = YES;
				GCC_C_LANGUAGE_STANDARD = gnu11;
				GCC_DYNAMIC_NO_PIC = NO;
				GCC_NO_COMMON_BLOCKS = YES;
				GCC_OPTIMIZATION_LEVEL = 0;
				GCC_PREPROCESSOR_DEFINITIONS = (
					"DEBUG=1",
					"$(inherited)",
				);
				GCC_WARN_64_TO_32_BIT_CONVERSION = YES;
				GCC_WARN_ABOUT_RETURN_TYPE = YES_ERROR;
				GCC_WARN_UNDECLARED_SELECTOR = YES;
				GCC_WARN_UNINITIALIZED_AUTOS = YES_AGGRESSIVE;
				GCC_WARN_UNUSED_FUNCTION = YES;
				GCC_WARN_UNUSED_VARIABLE = YES;
				IPHONEOS_DEPLOYMENT_TARGET = 12.1;
				MTL_ENABLE_DEBUG_INFO = INCLUDE_SOURCE;
				MTL_FAST_MATH = YES;
				ONLY_ACTIVE_ARCH = YES;
				SDKROOT = iphoneos;
				SWIFT_ACTIVE_COMPILATION_CONDITIONS = DEBUG;
				SWIFT_OPTIMIZATION_LEVEL = "-Onone";
			};
			name = Debug;
		};
		0941BBEC22284E0D00603286 /* Release */ = {
			isa = XCBuildConfiguration;
			buildSettings = {
				ALWAYS_SEARCH_USER_PATHS = NO;
				CLANG_ANALYZER_NONNULL = YES;
				CLANG_ANALYZER_NUMBER_OBJECT_CONVERSION = YES_AGGRESSIVE;
				CLANG_CXX_LANGUAGE_STANDARD = "gnu++14";
				CLANG_CXX_LIBRARY = "libc++";
				CLANG_ENABLE_MODULES = YES;
				CLANG_ENABLE_OBJC_ARC = YES;
				CLANG_ENABLE_OBJC_WEAK = YES;
				CLANG_WARN_BLOCK_CAPTURE_AUTORELEASING = YES;
				CLANG_WARN_BOOL_CONVERSION = YES;
				CLANG_WARN_COMMA = YES;
				CLANG_WARN_CONSTANT_CONVERSION = YES;
				CLANG_WARN_DEPRECATED_OBJC_IMPLEMENTATIONS = YES;
				CLANG_WARN_DIRECT_OBJC_ISA_USAGE = YES_ERROR;
				CLANG_WARN_DOCUMENTATION_COMMENTS = YES;
				CLANG_WARN_EMPTY_BODY = YES;
				CLANG_WARN_ENUM_CONVERSION = YES;
				CLANG_WARN_INFINITE_RECURSION = YES;
				CLANG_WARN_INT_CONVERSION = YES;
				CLANG_WARN_NON_LITERAL_NULL_CONVERSION = YES;
				CLANG_WARN_OBJC_IMPLICIT_RETAIN_SELF = YES;
				CLANG_WARN_OBJC_LITERAL_CONVERSION = YES;
				CLANG_WARN_OBJC_ROOT_CLASS = YES_ERROR;
				CLANG_WARN_RANGE_LOOP_ANALYSIS = YES;
				CLANG_WARN_STRICT_PROTOTYPES = YES;
				CLANG_WARN_SUSPICIOUS_MOVE = YES;
				CLANG_WARN_UNGUARDED_AVAILABILITY = YES_AGGRESSIVE;
				CLANG_WARN_UNREACHABLE_CODE = YES;
				CLANG_WARN__DUPLICATE_METHOD_MATCH = YES;
				CODE_SIGN_IDENTITY = "iPhone Developer";
				COPY_PHASE_STRIP = NO;
				DEBUG_INFORMATION_FORMAT = "dwarf-with-dsym";
				ENABLE_NS_ASSERTIONS = NO;
				ENABLE_STRICT_OBJC_MSGSEND = YES;
				GCC_C_LANGUAGE_STANDARD = gnu11;
				GCC_NO_COMMON_BLOCKS = YES;
				GCC_WARN_64_TO_32_BIT_CONVERSION = YES;
				GCC_WARN_ABOUT_RETURN_TYPE = YES_ERROR;
				GCC_WARN_UNDECLARED_SELECTOR = YES;
				GCC_WARN_UNINITIALIZED_AUTOS = YES_AGGRESSIVE;
				GCC_WARN_UNUSED_FUNCTION = YES;
				GCC_WARN_UNUSED_VARIABLE = YES;
				IPHONEOS_DEPLOYMENT_TARGET = 12.1;
				MTL_ENABLE_DEBUG_INFO = NO;
				MTL_FAST_MATH = YES;
				SDKROOT = iphoneos;
				SWIFT_COMPILATION_MODE = wholemodule;
				SWIFT_OPTIMIZATION_LEVEL = "-O";
				VALIDATE_PRODUCT = YES;
			};
			name = Release;
		};
		0941BBEE22284E0D00603286 /* Debug */ = {
			isa = XCBuildConfiguration;
			buildSettings = {
				ASSETCATALOG_COMPILER_APPICON_NAME = AppIcon;
				CODE_SIGN_STYLE = Automatic;
				DEVELOPMENT_TEAM = XBJV9DRMC3;
				INFOPLIST_FILE = DesignLenses/Info.plist;
				LD_RUNPATH_SEARCH_PATHS = (
					"$(inherited)",
					"@executable_path/Frameworks",
				);
				PRODUCT_BUNDLE_IDENTIFIER = com.baby.DesignLenses;
				PRODUCT_NAME = "$(TARGET_NAME)";
				SWIFT_VERSION = 4.2;
				TARGETED_DEVICE_FAMILY = 1;
			};
			name = Debug;
		};
		0941BBEF22284E0D00603286 /* Release */ = {
			isa = XCBuildConfiguration;
			buildSettings = {
				ASSETCATALOG_COMPILER_APPICON_NAME = AppIcon;
				CODE_SIGN_STYLE = Automatic;
				DEVELOPMENT_TEAM = XBJV9DRMC3;
				INFOPLIST_FILE = DesignLenses/Info.plist;
				LD_RUNPATH_SEARCH_PATHS = (
					"$(inherited)",
					"@executable_path/Frameworks",
				);
				PRODUCT_BUNDLE_IDENTIFIER = com.baby.DesignLenses;
				PRODUCT_NAME = "$(TARGET_NAME)";
				SWIFT_VERSION = 4.2;
				TARGETED_DEVICE_FAMILY = 1;
			};
			name = Release;
		};
/* End XCBuildConfiguration section */

/* Begin XCConfigurationList section */
		0941BBD322284E0C00603286 /* Build configuration list for PBXProject "DesignLenses" */ = {
			isa = XCConfigurationList;
			buildConfigurations = (
				0941BBEB22284E0D00603286 /* Debug */,
				0941BBEC22284E0D00603286 /* Release */,
			);
			defaultConfigurationIsVisible = 0;
			defaultConfigurationName = Release;
		};
		0941BBED22284E0D00603286 /* Build configuration list for PBXNativeTarget "DesignLenses" */ = {
			isa = XCConfigurationList;
			buildConfigurations = (
				0941BBEE22284E0D00603286 /* Debug */,
				0941BBEF22284E0D00603286 /* Release */,
			);
			defaultConfigurationIsVisible = 0;
			defaultConfigurationName = Release;
		};
/* End XCConfigurationList section */

/* Begin XCVersionGroup section */
		0941BBE222284E0C00603286 /* DesignLenses.xcdatamodeld */ = {
			isa = XCVersionGroup;
			children = (
				0941BBE322284E0C00603286 /* DesignLenses.xcdatamodel */,
			);
			currentVersion = 0941BBE322284E0C00603286 /* DesignLenses.xcdatamodel */;
			path = DesignLenses.xcdatamodeld;
			sourceTree = "<group>";
			versionGroupType = wrapper.xcdatamodel;
		};
/* End XCVersionGroup section */
	};
	rootObject = 0941BBD022284E0C00603286 /* Project object */;
}
